Microsoft Visual Studio Solution File, Format Version 12.00
# Visual Studio 2012
Project("{1B19158F-E398-40A6-8E3B-350508E125F1}") = "DxSample", "DxSample\DxSample.dxjsproj", "{EB11B7F3-715D-460C-84DC-6C9123F6F1E1}"
EndProject
Global
	GlobalSection(SolutionConfigurationPlatforms) = preSolution
		Debug|x86 = Debug|x86
		Release|x86 = Release|x86
	EndGlobalSection
	GlobalSection(ProjectConfigurationPlatforms) = postSolution
		{EB11B7F3-715D-460C-84DC-6C9123F6F1E1}.Debug|x86.ActiveCfg = Debug|Any CPU
		{EB11B7F3-715D-460C-84DC-6C9123F6F1E1}.Release|x86.ActiveCfg = Release|Any CPU
	EndGlobalSection
	GlobalSection(SolutionProperties) = preSolution
		HideSolutionNode = FALSE
	EndGlobalSection
EndGlobal
